
Microsoft Visual Studio Solution File, Format Version 12.00
Project("{FAE04EC0-301F-11D3-BF4B-00C04F79EFBC}") = "TECS", "TECS\TECS.csproj", "{DE49F581-74F7-4617-8226-22AD46608D64}"
EndProject
Project("{FAE04EC0-301F-11D3-BF4B-00C04F79EFBC}") = "TECS.Tests", "TECS.Tests\TECS.Tests.csproj", "{C6030C83-9E36-4686-BA9E-5E8EACA002D9}"
EndProject
Project("{FAE04EC0-301F-11D3-BF4B-00C04F79EFBC}") = "TECS.HDLSimulator", "TECS.HDLSimulator\TECS.HDLSimulator.csproj", "{04E46240-5544-4FF6-AED6-44039E7A852B}"
EndProject
Project("{2150E333-8FDC-42A3-9474-1A3956D46DE8}") = "Solution Files", "Solution Files", "{8E2795F9-BC4B-49DB-98CC-04A00E73E35A}"
	ProjectSection(SolutionItems) = preProject
		.gitignore = .gitignore
	EndProjectSection
EndProject
Global
	GlobalSection(SolutionConfigurationPlatforms) = preSolution
		Debug|Any CPU = Debug|Any CPU
		Release|Any CPU = Release|Any CPU
	EndGlobalSection
	GlobalSection(ProjectConfigurationPlatforms) = postSolution
		{DE49F581-74F7-4617-8226-22AD46608D64}.Debug|Any CPU.ActiveCfg = Debug|Any CPU
		{DE49F581-74F7-4617-8226-22AD46608D64}.Debug|Any CPU.Build.0 = Debug|Any CPU
		{DE49F581-74F7-4617-8226-22AD46608D64}.Release|Any CPU.ActiveCfg = Release|Any CPU
		{DE49F581-74F7-4617-8226-22AD46608D64}.Release|Any CPU.Build.0 = Release|Any CPU
		{C6030C83-9E36-4686-BA9E-5E8EACA002D9}.Debug|Any CPU.ActiveCfg = Debug|Any CPU
		{C6030C83-9E36-4686-BA9E-5E8EACA002D9}.Debug|Any CPU.Build.0 = Debug|Any CPU
		{C6030C83-9E36-4686-BA9E-5E8EACA002D9}.Release|Any CPU.ActiveCfg = Release|Any CPU
		{C6030C83-9E36-4686-BA9E-5E8EACA002D9}.Release|Any CPU.Build.0 = Release|Any CPU
		{04E46240-5544-4FF6-AED6-44039E7A852B}.Debug|Any CPU.ActiveCfg = Debug|Any CPU
		{04E46240-5544-4FF6-AED6-44039E7A852B}.Debug|Any CPU.Build.0 = Debug|Any CPU
		{04E46240-5544-4FF6-AED6-44039E7A852B}.Release|Any CPU.ActiveCfg = Release|Any CPU
		{04E46240-5544-4FF6-AED6-44039E7A852B}.Release|Any CPU.Build.0 = Release|Any CPU
	EndGlobalSection
EndGlobal
